// !$*UTF8*$!
{
	archiveVersion = 1;
	classes = {
	};
	objectVersion = 77;
	objects = {

/* Begin PBXContainerItemProxy section */
		9229D79C2CB8F71600FD0EB6 /* PBXContainerItemProxy */ = {
			isa = PBXContainerItemProxy;
			containerPortal = 9229D77D2CB8F71300FD0EB6 /* Project object */;
			proxyType = 1;
			remoteGlobalIDString = 9229D7842CB8F71300FD0EB6;
			remoteInfo = UIKits;
		};
		9229D7A62CB8F71600FD0EB6 /* PBXContainerItemProxy */ = {
			isa = PBXContainerItemProxy;
			containerPortal = 9229D77D2CB8F71300FD0EB6 /* Project object */;
			proxyType = 1;
			remoteGlobalIDString = 9229D7842CB8F71300FD0EB6;
			remoteInfo = UIKits;
		};
/* End PBXContainerItemProxy section */

/* Begin PBXFileReference section */
		9229D7852CB8F71300FD0EB6 /* UIKits.app */ = {isa = PBXFileReference; explicitFileType = wrapper.application; includeInIndex = 0; path = UIKits.app; sourceTree = BUILT_PRODUCTS_DIR; };
		9229D79B2CB8F71600FD0EB6 /* UIKitsTests.xctest */ = {isa = PBXFileReference; explicitFileType = wrapper.cfbundle; includeInIndex = 0; path = UIKitsTests.xctest; sourceTree = BUILT_PRODUCTS_DIR; };
		9229D7A52CB8F71600FD0EB6 /* UIKitsUITests.xctest */ = {isa = PBXFileReference; explicitFileType = wrapper.cfbundle; includeInIndex = 0; path = UIKitsUITests.xctest; sourceTree = BUILT_PRODUCTS_DIR; };
/* End PBXFileReference section */

/* Begin PBXFileSystemSynchronizedBuildFileExceptionSet section */
		9229D7AD2CB8F71600FD0EB6 /* Exceptions for "UIKits" folder in "UIKits" target */ = {
			isa = PBXFileSystemSynchronizedBuildFileExceptionSet;
			membershipExceptions = (
				Info.plist,
			);
			target = 9229D7842CB8F71300FD0EB6 /* UIKits */;
		};
/* End PBXFileSystemSynchronizedBuildFileExceptionSet section */

/* Begin PBXFileSystemSynchronizedRootGroup section */
		9229D7872CB8F71300FD0EB6 /* UIKits */ = {
			isa = PBXFileSystemSynchronizedRootGroup;
			exceptions = (
				9229D7AD2CB8F71600FD0EB6 /* Exceptions for "UIKits" folder in "UIKits" target */,
			);
			path = UIKits;
			sourceTree = "<group>";
		};
		9229D79E2CB8F71600FD0EB6 /* UIKitsTests */ = {
			isa = PBXFileSystemSynchronizedRootGroup;
			path = UIKitsTests;
			sourceTree = "<group>";
		};
		9229D7A82CB8F71600FD0EB6 /* UIKitsUITests */ = {
			isa = PBXFileSystemSynchronizedRootGroup;
			path = UIKitsUITests;
			sourceTree = "<group>";
		};
/* End PBXFileSystemSynchronizedRootGroup section */

/* Begin PBXFrameworksBuildPhase section */
		9229D7822CB8F71300FD0EB6 /* Frameworks */ = {
			isa = PBXFrameworksBuildPhase;
			buildActionMask = 2147483647;
			files = (
			);
			runOnlyForDeploymentPostprocessing = 0;
		};
		9229D7982CB8F71600FD0EB6 /* Frameworks */ = {
			isa = PBXFrameworksBuildPhase;
			buildActionMask = 2147483647;
			files = (
			);
			runOnlyForDeploymentPostprocessing = 0;
		};
		9229D7A22CB8F71600FD0EB6 /* Frameworks */ = {
			isa = PBXFrameworksBuildPhase;
			buildActionMask = 2147483647;
			files = (
			);
			runOnlyForDeploymentPostprocessing = 0;
		};
/* End PBXFrameworksBuildPhase section */

/* Begin PBXGroup section */
		9229D77C2CB8F71300FD0EB6 = {
			isa = PBXGroup;
			children = (
				9229D7872CB8F71300FD0EB6 /* UIKits */,
				9229D79E2CB8F71600FD0EB6 /* UIKitsTests */,
				9229D7A82CB8F71600FD0EB6 /* UIKitsUITests */,
				9229D7862CB8F71300FD0EB6 /* Products */,
			);
			sourceTree = "<group>";
		};
		9229D7862CB8F71300FD0EB6 /* Products */ = {
			isa = PBXGroup;
			children = (
				9229D7852CB8F71300FD0EB6 /* UIKits.app */,
				9229D79B2CB8F71600FD0EB6 /* UIKitsTests.xctest */,
				9229D7A52CB8F71600FD0EB6 /* UIKitsUITests.xctest */,
			);
			name = Products;
			sourceTree = "<group>";
		};
/* End PBXGroup section */

/* Begin PBXNativeTarget section */
		9229D7842CB8F71300FD0EB6 /* UIKits */ = {
			isa = PBXNativeTarget;
			buildConfigurationList = 9229D7AE2CB8F71600FD0EB6 /* Build configuration list for PBXNativeTarget "UIKits" */;
			buildPhases = (
				9229D7812CB8F71300FD0EB6 /* Sources */,
				9229D7822CB8F71300FD0EB6 /* Frameworks */,
				9229D7832CB8F71300FD0EB6 /* Resources */,
			);
			buildRules = (
			);
			dependencies = (
			);
			fileSystemSynchronizedGroups = (
				9229D7872CB8F71300FD0EB6 /* UIKits */,
			);
			name = UIKits;
			packageProductDependencies = (
			);
			productName = UIKits;
			productReference = 9229D7852CB8F71300FD0EB6 /* UIKits.app */;
			productType = "com.apple.product-type.application";
		};
		9229D79A2CB8F71600FD0EB6 /* UIKitsTests */ = {
			isa = PBXNativeTarget;
			buildConfigurationList = 9229D7B32CB8F71600FD0EB6 /* Build configuration list for PBXNativeTarget "UIKitsTests" */;
			buildPhases = (
				9229D7972CB8F71600FD0EB6 /* Sources */,
				9229D7982CB8F71600FD0EB6 /* Frameworks */,
				9229D7992CB8F71600FD0EB6 /* Resources */,
			);
			buildRules = (
			);
			dependencies = (
				9229D79D2CB8F71600FD0EB6 /* PBXTargetDependency */,
			);
			fileSystemSynchronizedGroups = (
				9229D79E2CB8F71600FD0EB6 /* UIKitsTests */,
			);
			name = UIKitsTests;
			packageProductDependencies = (
			);
			productName = UIKitsTests;
			productReference = 9229D79B2CB8F71600FD0EB6 /* UIKitsTests.xctest */;
			productType = "com.apple.product-type.bundle.unit-test";
		};
		9229D7A42CB8F71600FD0EB6 /* UIKitsUITests */ = {
			isa = PBXNativeTarget;
			buildConfigurationList = 9229D7B62CB8F71600FD0EB6 /* Build configuration list for PBXNativeTarget "UIKitsUITests" */;
			buildPhases = (
				9229D7A12CB8F71600FD0EB6 /* Sources */,
				9229D7A22CB8F71600FD0EB6 /* Frameworks */,
				9229D7A32CB8F71600FD0EB6 /* Resources */,
			);
			buildRules = (
			);
			dependencies = (
				9229D7A72CB8F71600FD0EB6 /* PBXTargetDependency */,
			);
			fileSystemSynchronizedGroups = (
				9229D7A82CB8F71600FD0EB6 /* UIKitsUITests */,
			);
			name = UIKitsUITests;
			packageProductDependencies = (
			);
			productName = UIKitsUITests;
			productReference = 9229D7A52CB8F71600FD0EB6 /* UIKitsUITests.xctest */;
			productType = "com.apple.product-type.bundle.ui-testing";
		};
/* End PBXNativeTarget section */

/* Begin PBXProject section */
		9229D77D2CB8F71300FD0EB6 /* Project object */ = {
			isa = PBXProject;
			attributes = {
				BuildIndependentTargetsInParallel = 1;
				LastSwiftUpdateCheck = 1600;
				LastUpgradeCheck = 1600;
				TargetAttributes = {
					9229D7842CB8F71300FD0EB6 = {
						CreatedOnToolsVersion = 16.0;
					};
					9229D79A2CB8F71600FD0EB6 = {
						CreatedOnToolsVersion = 16.0;
						TestTargetID = 9229D7842CB8F71300FD0EB6;
					};
					9229D7A42CB8F71600FD0EB6 = {
						CreatedOnToolsVersion = 16.0;
						TestTargetID = 9229D7842CB8F71300FD0EB6;
					};
				};
			};
			buildConfigurationList = 9229D7802CB8F71300FD0EB6 /* Build configuration list for PBXProject "UIKits" */;
			developmentRegion = en;
			hasScannedForEncodings = 0;
			knownRegions = (
				en,
				Base,
			);
			mainGroup = 9229D77C2CB8F71300FD0EB6;
			minimizedProjectReferenceProxies = 1;
			preferredProjectObjectVersion = 77;
			productRefGroup = 9229D7862CB8F71300FD0EB6 /* Products */;
			projectDirPath = "";
			projectRoot = "";
			targets = (
				9229D7842CB8F71300FD0EB6 /* UIKits */,
				9229D79A2CB8F71600FD0EB6 /* UIKitsTests */,
				9229D7A42CB8F71600FD0EB6 /* UIKitsUITests */,
			);
		};
/* End PBXProject section */

/* Begin PBXResourcesBuildPhase section */
		9229D7832CB8F71300FD0EB6 /* Resources */ = {
			isa = PBXResourcesBuildPhase;
			buildActionMask = 2147483647;
			files = (
			);
			runOnlyForDeploymentPostprocessing = 0;
		};
		9229D7992CB8F71600FD0EB6 /* Resources */ = {
			isa = PBXResourcesBuildPhase;
			buildActionMask = 2147483647;
			files = (
			);
			runOnlyForDeploymentPostprocessing = 0;
		};
		9229D7A32CB8F71600FD0EB6 /* Resources */ = {
			isa = PBXResourcesBuildPhase;
			buildActionMask = 2147483647;
			files = (
			);
			runOnlyForDeploymentPostprocessing = 0;
		};
/* End PBXResourcesBuildPhase section */

/* Begin PBXSourcesBuildPhase section */
		9229D7812CB8F71300FD0EB6 /* Sources */ = {
			isa = PBXSourcesBuildPhase;
			buildActionMask = 2147483647;
			files = (
			);
			runOnlyForDeploymentPostprocessing = 0;
		};
		9229D7972CB8F71600FD0EB6 /* Sources */ = {
			isa = PBXSourcesBuildPhase;
			buildActionMask = 2147483647;
			files = (
			);
			runOnlyForDeploymentPostprocessing = 0;
		};
		9229D7A12CB8F71600FD0EB6 /* Sources */ = {
			isa = PBXSourcesBuildPhase;
			buildActionMask = 2147483647;
			files = (
			);
			runOnlyForDeploymentPostprocessing = 0;
		};
/* End PBXSourcesBuildPhase section */

/* Begin PBXTargetDependency section */
		9229D79D2CB8F71600FD0EB6 /* PBXTargetDependency */ = {
			isa = PBXTargetDependency;
			target = 9229D7842CB8F71300FD0EB6 /* UIKits */;
			targetProxy = 9229D79C2CB8F71600FD0EB6 /* PBXContainerItemProxy */;
		};
		9229D7A72CB8F71600FD0EB6 /* PBXTargetDependency */ = {
			isa = PBXTargetDependency;
			target = 9229D7842CB8F71300FD0EB6 /* UIKits */;
			targetProxy = 9229D7A62CB8F71600FD0EB6 /* PBXContainerItemProxy */;
		};
/* End PBXTargetDependency section */

/* Begin XCBuildConfiguration section */
		9229D7AF2CB8F71600FD0EB6 /* Debug */ = {
			isa = XCBuildConfiguration;
			buildSettings = {
				ASSETCATALOG_COMPILER_APPICON_NAME = AppIcon;
				ASSETCATALOG_COMPILER_GLOBAL_ACCENT_COLOR_NAME = AccentColor;
				CODE_SIGN_STYLE = Automatic;
				CURRENT_PROJECT_VERSION = 1;
				DEVELOPMENT_TEAM = BMG3X5CM6G;
				GENERATE_INFOPLIST_FILE = YES;
				INFOPLIST_FILE = UIKits/Info.plist;
				INFOPLIST_KEY_UIApplicationSupportsIndirectInputEvents = YES;
				INFOPLIST_KEY_UILaunchStoryboardName = LaunchScreen;
				INFOPLIST_KEY_UISupportedInterfaceOrientations_iPad = "UIInterfaceOrientationPortrait UIInterfaceOrientationPortraitUpsideDown UIInterfaceOrientationLandscapeLeft UIInterfaceOrientationLandscapeRight";
				INFOPLIST_KEY_UISupportedInterfaceOrientations_iPhone = "UIInterfaceOrientationPortrait UIInterfaceOrientationLandscapeLeft UIInterfaceOrientationLandscapeRight";
				LD_RUNPATH_SEARCH_PATHS = (
					"$(inherited)",
					"@executable_path/Frameworks",
				);
				MARKETING_VERSION = 1.0;
				PRODUCT_BUNDLE_IDENTIFIER = "mint-raum.UIKits";
				PRODUCT_NAME = "$(TARGET_NAME)";
				SWIFT_EMIT_LOC_STRINGS = YES;
				SWIFT_VERSION = 5.0;
				TARGETED_DEVICE_FAMILY = "1,2";
			};
			name = Debug;
		};
		9229D7B02CB8F71600FD0EB6 /* Release */ = {
			isa = XCBuildConfiguration;
			buildSettings = {
				ASSETCATALOG_COMPILER_APPICON_NAME = AppIcon;
				ASSETCATALOG_COMPILER_GLOBAL_ACCENT_COLOR_NAME = AccentColor;
				CODE_SIGN_STYLE = Automatic;
				CURRENT_PROJECT_VERSION = 1;
				DEVELOPMENT_TEAM = BMG3X5CM6G;
				GENERATE_INFOPLIST_FILE = YES;
				INFOPLIST_FILE = UIKits/Info.plist;
				INFOPLIST_KEY_UIApplicationSupportsIndirectInputEvents = YES;
				INFOPLIST_KEY_UILaunchStoryboardName = LaunchScreen;
				INFOPLIST_KEY_UISupportedInterfaceOrientations_iPad = "UIInterfaceOrientationPortrait UIInterfaceOrientationPortraitUpsideDown UIInterfaceOrientationLandscapeLeft UIInterfaceOrientationLandscapeRight";
				INFOPLIST_KEY_UISupportedInterfaceOrientations_iPhone = "UIInterfaceOrientationPortrait UIInterfaceOrientationLandscapeLeft UIInterfaceOrientationLandscapeRight";
				LD_RUNPATH_SEARCH_PATHS = (
					"$(inherited)",
					"@executable_path/Frameworks",
				);
				MARKETING_VERSION = 1.0;
				PRODUCT_BUNDLE_IDENTIFIER = "mint-raum.UIKits";
				PRODUCT_NAME = "$(TARGET_NAME)";
				SWIFT_EMIT_LOC_STRINGS = YES;
				SWIFT_VERSION = 5.0;
				TARGETED_DEVICE_FAMILY = "1,2";
			};
			name = Release;
		};
		9229D7B12CB8F71600FD0EB6 /* Debug */ = {
			isa = XCBuildConfiguration;
			buildSettings = {
				ALWAYS_SEARCH_USER_PATHS = NO;
				ASSETCATALOG_COMPILER_GENERATE_SWIFT_ASSET_SYMBOL_EXTENSIONS = YES;
				CLANG_ANALYZER_NONNULL = YES;
				CLANG_ANALYZER_NUMBER_OBJECT_CONVERSION = YES_AGGRESSIVE;
				CLANG_CXX_LANGUAGE_STANDARD = "gnu++20";
				CLANG_ENABLE_MODULES = YES;
				CLANG_ENABLE_OBJC_ARC = YES;
				CLANG_ENABLE_OBJC_WEAK = YES;
				CLANG_WARN_BLOCK_CAPTURE_AUTORELEASING = YES;
				CLANG_WARN_BOOL_CONVERSION = YES;
				CLANG_WARN_COMMA = YES;
				CLANG_WARN_CONSTANT_CONVERSION = YES;
				CLANG_WARN_DEPRECATED_OBJC_IMPLEMENTATIONS = YES;
				CLANG_WARN_DIRECT_OBJC_ISA_USAGE = YES_ERROR;
				CLANG_WARN_DOCUMENTATION_COMMENTS = YES;
				CLANG_WARN_EMPTY_BODY = YES;
				CLANG_WARN_ENUM_CONVERSION = YES;
				CLANG_WARN_INFINITE_RECURSION = YES;
				CLANG_WARN_INT_CONVERSION = YES;
				CLANG_WARN_NON_LITERAL_NULL_CONVERSION = YES;
				CLANG_WARN_OBJC_IMPLICIT_RETAIN_SELF = YES;
				CLANG_WARN_OBJC_LITERAL_CONVERSION = YES;
				CLANG_WARN_OBJC_ROOT_CLASS = YES_ERROR;
				CLANG_WARN_QUOTED_INCLUDE_IN_FRAMEWORK_HEADER = YES;
				CLANG_WARN_RANGE_LOOP_ANALYSIS = YES;
				CLANG_WARN_STRICT_PROTOTYPES = YES;
				CLANG_WARN_SUSPICIOUS_MOVE = YES;
				CLANG_WARN_UNGUARDED_AVAILABILITY = YES_AGGRESSIVE;
				CLANG_WARN_UNREACHABLE_CODE = YES;
				CLANG_WARN__DUPLICATE_METHOD_MATCH = YES;
				COPY_PHASE_STRIP = NO;
				DEBUG_INFORMATION_FORMAT = dwarf;
				ENABLE_STRICT_OBJC_MSGSEND = YES;
				ENABLE_TESTABILITY = YES;
				ENABLE_USER_SCRIPT_SANDBOXING = YES;
				GCC_C_LANGUAGE_STANDARD = gnu17;
				GCC_DYNAMIC_NO_PIC = NO;
				GCC_NO_COMMON_BLOCKS = YES;
				GCC_OPTIMIZATION_LEVEL = 0;
				GCC_PREPROCESSOR_DEFINITIONS = (
					"DEBUG=1",
					"$(inherited)",
				);
				GCC_WARN_64_TO_32_BIT_CONVERSION = YES;
				GCC_WARN_ABOUT_RETURN_TYPE = YES_ERROR;
				GCC_WARN_UNDECLARED_SELECTOR = YES;
				GCC_WARN_UNINITIALIZED_AUTOS = YES_AGGRESSIVE;
				GCC_WARN_UNUSED_FUNCTION = YES;
				GCC_WARN_UNUSED_VARIABLE = YES;
				IPHONEOS_DEPLOYMENT_TARGET = 18.0;
				LOCALIZATION_PREFERS_STRING_CATALOGS = YES;
				MTL_ENABLE_DEBUG_INFO = INCLUDE_SOURCE;
				MTL_FAST_MATH = YES;
				ONLY_ACTIVE_ARCH = YES;
				SDKROOT = iphoneos;
				SWIFT_ACTIVE_COMPILATION_CONDITIONS = "DEBUG $(inherited)";
				SWIFT_OPTIMIZATION_LEVEL = "-Onone";
			};
			name = Debug;
		};
		9229D7B22CB8F71600FD0EB6 /* Release */ = {
			isa = XCBuildConfiguration;
			buildSettings = {
				ALWAYS_SEARCH_USER_PATHS = NO;
				ASSETCATALOG_COMPILER_GENERATE_SWIFT_ASSET_SYMBOL_EXTENSIONS = YES;
				CLANG_ANALYZER_NONNULL = YES;
				CLANG_ANALYZER_NUMBER_OBJECT_CONVERSION = YES_AGGRESSIVE;
				CLANG_CXX_LANGUAGE_STANDARD = "gnu++20";
				CLANG_ENABLE_MODULES = YES;
				CLANG_ENABLE_OBJC_ARC = YES;
				CLANG_ENABLE_OBJC_WEAK = YES;
				CLANG_WARN_BLOCK_CAPTURE_AUTORELEASING = YES;
				CLANG_WARN_BOOL_CONVERSION = YES;
				CLANG_WARN_COMMA = YES;
				CLANG_WARN_CONSTANT_CONVERSION = YES;
				CLANG_WARN_DEPRECATED_OBJC_IMPLEMENTATIONS = YES;
				CLANG_WARN_DIRECT_OBJC_ISA_USAGE = YES_ERROR;
				CLANG_WARN_DOCUMENTATION_COMMENTS = YES;
				CLANG_WARN_EMPTY_BODY = YES;
				CLANG_WARN_ENUM_CONVERSION = YES;
				CLANG_WARN_INFINITE_RECURSION = YES;
				CLANG_WARN_INT_CONVERSION = YES;
				CLANG_WARN_NON_LITERAL_NULL_CONVERSION = YES;
				CLANG_WARN_OBJC_IMPLICIT_RETAIN_SELF = YES;
				CLANG_WARN_OBJC_LITERAL_CONVERSION = YES;
				CLANG_WARN_OBJC_ROOT_CLASS = YES_ERROR;
				CLANG_WARN_QUOTED_INCLUDE_IN_FRAMEWORK_HEADER = YES;
				CLANG_WARN_RANGE_LOOP_ANALYSIS = YES;
				CLANG_WARN_STRICT_PROTOTYPES = YES;
				CLANG_WARN_SUSPICIOUS_MOVE = YES;
				CLANG_WARN_UNGUARDED_AVAILABILITY = YES_AGGRESSIVE;
				CLANG_WARN_UNREACHABLE_CODE = YES;
				CLANG_WARN__DUPLICATE_METHOD_MATCH = YES;
				COPY_PHASE_STRIP = NO;
				DEBUG_INFORMATION_FORMAT = "dwarf-with-dsym";
				ENABLE_NS_ASSERTIONS = NO;
				ENABLE_STRICT_OBJC_MSGSEND = YES;
				ENABLE_USER_SCRIPT_SANDBOXING = YES;
				GCC_C_LANGUAGE_STANDARD = gnu17;
				GCC_NO_COMMON_BLOCKS = YES;
				GCC_WARN_64_TO_32_BIT_CONVERSION = YES;
				GCC_WARN_ABOUT_RETURN_TYPE = YES_ERROR;
				GCC_WARN_UNDECLARED_SELECTOR = YES;
				GCC_WARN_UNINITIALIZED_AUTOS = YES_AGGRESSIVE;
				GCC_WARN_UNUSED_FUNCTION = YES;
				GCC_WARN_UNUSED_VARIABLE = YES;
				IPHONEOS_DEPLOYMENT_TARGET = 18.0;
				LOCALIZATION_PREFERS_STRING_CATALOGS = YES;
				MTL_ENABLE_DEBUG_INFO = NO;
				MTL_FAST_MATH = YES;
				SDKROOT = iphoneos;
				SWIFT_COMPILATION_MODE = wholemodule;
				VALIDATE_PRODUCT = YES;
			};
			name = Release;
		};
		9229D7B42CB8F71600FD0EB6 /* Debug */ = {
			isa = XCBuildConfiguration;
			buildSettings = {
				BUNDLE_LOADER = "$(TEST_HOST)";
				CODE_SIGN_STYLE = Automatic;
				CURRENT_PROJECT_VERSION = 1;
				DEVELOPMENT_TEAM = BMG3X5CM6G;
				GENERATE_INFOPLIST_FILE = YES;
				IPHONEOS_DEPLOYMENT_TARGET = 18.0;
				MARKETING_VERSION = 1.0;
				PRODUCT_BUNDLE_IDENTIFIER = "mint-raum.UIKitsTests";
				PRODUCT_NAME = "$(TARGET_NAME)";
				SWIFT_EMIT_LOC_STRINGS = NO;
				SWIFT_VERSION = 5.0;
				TARGETED_DEVICE_FAMILY = "1,2";
				TEST_HOST = "$(BUILT_PRODUCTS_DIR)/UIKits.app/$(BUNDLE_EXECUTABLE_FOLDER_PATH)/UIKits";
			};
			name = Debug;
		};
		9229D7B52CB8F71600FD0EB6 /* Release */ = {
			isa = XCBuildConfiguration;
			buildSettings = {
				BUNDLE_LOADER = "$(TEST_HOST)";
				CODE_SIGN_STYLE = Automatic;
				CURRENT_PROJECT_VERSION = 1;
				DEVELOPMENT_TEAM = BMG3X5CM6G;
				GENERATE_INFOPLIST_FILE = YES;
				IPHONEOS_DEPLOYMENT_TARGET = 18.0;
				MARKETING_VERSION = 1.0;
				PRODUCT_BUNDLE_IDENTIFIER = "mint-raum.UIKitsTests";
				PRODUCT_NAME = "$(TARGET_NAME)";
				SWIFT_EMIT_LOC_STRINGS = NO;
				SWIFT_VERSION = 5.0;
				TARGETED_DEVICE_FAMILY = "1,2";
				TEST_HOST = "$(BUILT_PRODUCTS_DIR)/UIKits.app/$(BUNDLE_EXECUTABLE_FOLDER_PATH)/UIKits";
			};
			name = Release;
		};
		9229D7B72CB8F71600FD0EB6 /* Debug */ = {
			isa = XCBuildConfiguration;
			buildSettings = {
				CODE_SIGN_STYLE = Automatic;
				CURRENT_PROJECT_VERSION = 1;
				DEVELOPMENT_TEAM = BMG3X5CM6G;
				GENERATE_INFOPLIST_FILE = YES;
				MARKETING_VERSION = 1.0;
				PRODUCT_BUNDLE_IDENTIFIER = "mint-raum.UIKitsUITests";
				PRODUCT_NAME = "$(TARGET_NAME)";
				SWIFT_EMIT_LOC_STRINGS = NO;
				SWIFT_VERSION = 5.0;
				TARGETED_DEVICE_FAMILY = "1,2";
				TEST_TARGET_NAME = UIKits;
			};
			name = Debug;
		};
		9229D7B82CB8F71600FD0EB6 /* Release */ = {
			isa = XCBuildConfiguration;
			buildSettings = {
				CODE_SIGN_STYLE = Automatic;
				CURRENT_PROJECT_VERSION = 1;
				DEVELOPMENT_TEAM = BMG3X5CM6G;
				GENERATE_INFOPLIST_FILE = YES;
				MARKETING_VERSION = 1.0;
				PRODUCT_BUNDLE_IDENTIFIER = "mint-raum.UIKitsUITests";
				PRODUCT_NAME = "$(TARGET_NAME)";
				SWIFT_EMIT_LOC_STRINGS = NO;
				SWIFT_VERSION = 5.0;
				TARGETED_DEVICE_FAMILY = "1,2";
				TEST_TARGET_NAME = UIKits;
			};
			name = Release;
		};
/* End XCBuildConfiguration section */

/* Begin XCConfigurationList section */
		9229D7802CB8F71300FD0EB6 /* Build configuration list for PBXProject "UIKits" */ = {
			isa = XCConfigurationList;
			buildConfigurations = (
				9229D7B12CB8F71600FD0EB6 /* Debug */,
				9229D7B22CB8F71600FD0EB6 /* Release */,
			);
			defaultConfigurationIsVisible = 0;
			defaultConfigurationName = Release;
		};
		9229D7AE2CB8F71600FD0EB6 /* Build configuration list for PBXNativeTarget "UIKits" */ = {
			isa = XCConfigurationList;
			buildConfigurations = (
				9229D7AF2CB8F71600FD0EB6 /* Debug */,
				9229D7B02CB8F71600FD0EB6 /* Release */,
			);
			defaultConfigurationIsVisible = 0;
			defaultConfigurationName = Release;
		};
		9229D7B32CB8F71600FD0EB6 /* Build configuration list for PBXNativeTarget "UIKitsTests" */ = {
			isa = XCConfigurationList;
			buildConfigurations = (
				9229D7B42CB8F71600FD0EB6 /* Debug */,
				9229D7B52CB8F71600FD0EB6 /* Release */,
			);
			defaultConfigurationIsVisible = 0;
			defaultConfigurationName = Release;
		};
		9229D7B62CB8F71600FD0EB6 /* Build configuration list for PBXNativeTarget "UIKitsUITests" */ = {
			isa = XCConfigurationList;
			buildConfigurations = (
				9229D7B72CB8F71600FD0EB6 /* Debug */,
				9229D7B82CB8F71600FD0EB6 /* Release */,
			);
			defaultConfigurationIsVisible = 0;
			defaultConfigurationName = Release;
		};
/* End XCConfigurationList section */
	};
	rootObject = 9229D77D2CB8F71300FD0EB6 /* Project object */;
}
