// !$*UTF8*$!
{
	archiveVersion = 1;
	classes = {
	};
	objectVersion = 77;
	objects = {

/* Begin PBXContainerItemProxy section */
		9229D7D32CB8F79700FD0EB6 /* PBXContainerItemProxy */ = {
			isa = PBXContainerItemProxy;
			containerPortal = 9229D7BA2CB8F79500FD0EB6 /* Project object */;
			proxyType = 1;
			remoteGlobalIDString = 9229D7C12CB8F79500FD0EB6;
			remoteInfo = SwiftUIs;
		};
		9229D7DD2CB8F79700FD0EB6 /* PBXContainerItemProxy */ = {
			isa = PBXContainerItemProxy;
			containerPortal = 9229D7BA2CB8F79500FD0EB6 /* Project object */;
			proxyType = 1;
			remoteGlobalIDString = 9229D7C12CB8F79500FD0EB6;
			remoteInfo = SwiftUIs;
		};
/* End PBXContainerItemProxy section */

/* Begin PBXFileReference section */
		9229D7C22CB8F79500FD0EB6 /* SwiftUIs.app */ = {isa = PBXFileReference; explicitFileType = wrapper.application; includeInIndex = 0; path = SwiftUIs.app; sourceTree = BUILT_PRODUCTS_DIR; };
		9229D7D22CB8F79700FD0EB6 /* SwiftUIsTests.xctest */ = {isa = PBXFileReference; explicitFileType = wrapper.cfbundle; includeInIndex = 0; path = SwiftUIsTests.xctest; sourceTree = BUILT_PRODUCTS_DIR; };
		9229D7DC2CB8F79700FD0EB6 /* SwiftUIsUITests.xctest */ = {isa = PBXFileReference; explicitFileType = wrapper.cfbundle; includeInIndex = 0; path = SwiftUIsUITests.xctest; sourceTree = BUILT_PRODUCTS_DIR; };
/* End PBXFileReference section */

/* Begin PBXFileSystemSynchronizedRootGroup section */
		9229D7C42CB8F79500FD0EB6 /* SwiftUIs */ = {
			isa = PBXFileSystemSynchronizedRootGroup;
			path = SwiftUIs;
			sourceTree = "<group>";
		};
		9229D7D52CB8F79700FD0EB6 /* SwiftUIsTests */ = {
			isa = PBXFileSystemSynchronizedRootGroup;
			path = SwiftUIsTests;
			sourceTree = "<group>";
		};
		9229D7DF2CB8F79700FD0EB6 /* SwiftUIsUITests */ = {
			isa = PBXFileSystemSynchronizedRootGroup;
			path = SwiftUIsUITests;
			sourceTree = "<group>";
		};
/* End PBXFileSystemSynchronizedRootGroup section */

/* Begin PBXFrameworksBuildPhase section */
		9229D7BF2CB8F79500FD0EB6 /* Frameworks */ = {
			isa = PBXFrameworksBuildPhase;
			buildActionMask = 2147483647;
			files = (
			);
			runOnlyForDeploymentPostprocessing = 0;
		};
		9229D7CF2CB8F79700FD0EB6 /* Frameworks */ = {
			isa = PBXFrameworksBuildPhase;
			buildActionMask = 2147483647;
			files = (
			);
			runOnlyForDeploymentPostprocessing = 0;
		};
		9229D7D92CB8F79700FD0EB6 /* Frameworks */ = {
			isa = PBXFrameworksBuildPhase;
			buildActionMask = 2147483647;
			files = (
			);
			runOnlyForDeploymentPostprocessing = 0;
		};
/* End PBXFrameworksBuildPhase section */

/* Begin PBXGroup section */
		9229D7B92CB8F79500FD0EB6 = {
			isa = PBXGroup;
			children = (
				9229D7C42CB8F79500FD0EB6 /* SwiftUIs */,
				9229D7D52CB8F79700FD0EB6 /* SwiftUIsTests */,
				9229D7DF2CB8F79700FD0EB6 /* SwiftUIsUITests */,
				9229D7C32CB8F79500FD0EB6 /* Products */,
			);
			sourceTree = "<group>";
		};
		9229D7C32CB8F79500FD0EB6 /* Products */ = {
			isa = PBXGroup;
			children = (
				9229D7C22CB8F79500FD0EB6 /* SwiftUIs.app */,
				9229D7D22CB8F79700FD0EB6 /* SwiftUIsTests.xctest */,
				9229D7DC2CB8F79700FD0EB6 /* SwiftUIsUITests.xctest */,
			);
			name = Products;
			sourceTree = "<group>";
		};
/* End PBXGroup section */

/* Begin PBXNativeTarget section */
		9229D7C12CB8F79500FD0EB6 /* SwiftUIs */ = {
			isa = PBXNativeTarget;
			buildConfigurationList = 9229D7E62CB8F79700FD0EB6 /* Build configuration list for PBXNativeTarget "SwiftUIs" */;
			buildPhases = (
				9229D7BE2CB8F79500FD0EB6 /* Sources */,
				9229D7BF2CB8F79500FD0EB6 /* Frameworks */,
				9229D7C02CB8F79500FD0EB6 /* Resources */,
			);
			buildRules = (
			);
			dependencies = (
			);
			fileSystemSynchronizedGroups = (
				9229D7C42CB8F79500FD0EB6 /* SwiftUIs */,
			);
			name = SwiftUIs;
			packageProductDependencies = (
			);
			productName = SwiftUIs;
			productReference = 9229D7C22CB8F79500FD0EB6 /* SwiftUIs.app */;
			productType = "com.apple.product-type.application";
		};
		9229D7D12CB8F79700FD0EB6 /* SwiftUIsTests */ = {
			isa = PBXNativeTarget;
			buildConfigurationList = 9229D7E92CB8F79700FD0EB6 /* Build configuration list for PBXNativeTarget "SwiftUIsTests" */;
			buildPhases = (
				9229D7CE2CB8F79700FD0EB6 /* Sources */,
				9229D7CF2CB8F79700FD0EB6 /* Frameworks */,
				9229D7D02CB8F79700FD0EB6 /* Resources */,
			);
			buildRules = (
			);
			dependencies = (
				9229D7D42CB8F79700FD0EB6 /* PBXTargetDependency */,
			);
			fileSystemSynchronizedGroups = (
				9229D7D52CB8F79700FD0EB6 /* SwiftUIsTests */,
			);
			name = SwiftUIsTests;
			packageProductDependencies = (
			);
			productName = SwiftUIsTests;
			productReference = 9229D7D22CB8F79700FD0EB6 /* SwiftUIsTests.xctest */;
			productType = "com.apple.product-type.bundle.unit-test";
		};
		9229D7DB2CB8F79700FD0EB6 /* SwiftUIsUITests */ = {
			isa = PBXNativeTarget;
			buildConfigurationList = 9229D7EC2CB8F79700FD0EB6 /* Build configuration list for PBXNativeTarget "SwiftUIsUITests" */;
			buildPhases = (
				9229D7D82CB8F79700FD0EB6 /* Sources */,
				9229D7D92CB8F79700FD0EB6 /* Frameworks */,
				9229D7DA2CB8F79700FD0EB6 /* Resources */,
			);
			buildRules = (
			);
			dependencies = (
				9229D7DE2CB8F79700FD0EB6 /* PBXTargetDependency */,
			);
			fileSystemSynchronizedGroups = (
				9229D7DF2CB8F79700FD0EB6 /* SwiftUIsUITests */,
			);
			name = SwiftUIsUITests;
			packageProductDependencies = (
			);
			productName = SwiftUIsUITests;
			productReference = 9229D7DC2CB8F79700FD0EB6 /* SwiftUIsUITests.xctest */;
			productType = "com.apple.product-type.bundle.ui-testing";
		};
/* End PBXNativeTarget section */

/* Begin PBXProject section */
		9229D7BA2CB8F79500FD0EB6 /* Project object */ = {
			isa = PBXProject;
			attributes = {
				BuildIndependentTargetsInParallel = 1;
				LastSwiftUpdateCheck = 1600;
				LastUpgradeCheck = 1600;
				TargetAttributes = {
					9229D7C12CB8F79500FD0EB6 = {
						CreatedOnToolsVersion = 16.0;
					};
					9229D7D12CB8F79700FD0EB6 = {
						CreatedOnToolsVersion = 16.0;
						TestTargetID = 9229D7C12CB8F79500FD0EB6;
					};
					9229D7DB2CB8F79700FD0EB6 = {
						CreatedOnToolsVersion = 16.0;
						TestTargetID = 9229D7C12CB8F79500FD0EB6;
					};
				};
			};
			buildConfigurationList = 9229D7BD2CB8F79500FD0EB6 /* Build configuration list for PBXProject "SwiftUIs" */;
			developmentRegion = en;
			hasScannedForEncodings = 0;
			knownRegions = (
				en,
				Base,
			);
			mainGroup = 9229D7B92CB8F79500FD0EB6;
			minimizedProjectReferenceProxies = 1;
			preferredProjectObjectVersion = 77;
			productRefGroup = 9229D7C32CB8F79500FD0EB6 /* Products */;
			projectDirPath = "";
			projectRoot = "";
			targets = (
				9229D7C12CB8F79500FD0EB6 /* SwiftUIs */,
				9229D7D12CB8F79700FD0EB6 /* SwiftUIsTests */,
				9229D7DB2CB8F79700FD0EB6 /* SwiftUIsUITests */,
			);
		};
/* End PBXProject section */

/* Begin PBXResourcesBuildPhase section */
		9229D7C02CB8F79500FD0EB6 /* Resources */ = {
			isa = PBXResourcesBuildPhase;
			buildActionMask = 2147483647;
			files = (
			);
			runOnlyForDeploymentPostprocessing = 0;
		};
		9229D7D02CB8F79700FD0EB6 /* Resources */ = {
			isa = PBXResourcesBuildPhase;
			buildActionMask = 2147483647;
			files = (
			);
			runOnlyForDeploymentPostprocessing = 0;
		};
		9229D7DA2CB8F79700FD0EB6 /* Resources */ = {
			isa = PBXResourcesBuildPhase;
			buildActionMask = 2147483647;
			files = (
			);
			runOnlyForDeploymentPostprocessing = 0;
		};
/* End PBXResourcesBuildPhase section */

/* Begin PBXSourcesBuildPhase section */
		9229D7BE2CB8F79500FD0EB6 /* Sources */ = {
			isa = PBXSourcesBuildPhase;
			buildActionMask = 2147483647;
			files = (
			);
			runOnlyForDeploymentPostprocessing = 0;
		};
		9229D7CE2CB8F79700FD0EB6 /* Sources */ = {
			isa = PBXSourcesBuildPhase;
			buildActionMask = 2147483647;
			files = (
			);
			runOnlyForDeploymentPostprocessing = 0;
		};
		9229D7D82CB8F79700FD0EB6 /* Sources */ = {
			isa = PBXSourcesBuildPhase;
			buildActionMask = 2147483647;
			files = (
			);
			runOnlyForDeploymentPostprocessing = 0;
		};
/* End PBXSourcesBuildPhase section */

/* Begin PBXTargetDependency section */
		9229D7D42CB8F79700FD0EB6 /* PBXTargetDependency */ = {
			isa = PBXTargetDependency;
			target = 9229D7C12CB8F79500FD0EB6 /* SwiftUIs */;
			targetProxy = 9229D7D32CB8F79700FD0EB6 /* PBXContainerItemProxy */;
		};
		9229D7DE2CB8F79700FD0EB6 /* PBXTargetDependency */ = {
			isa = PBXTargetDependency;
			target = 9229D7C12CB8F79500FD0EB6 /* SwiftUIs */;
			targetProxy = 9229D7DD2CB8F79700FD0EB6 /* PBXContainerItemProxy */;
		};
/* End PBXTargetDependency section */

/* Begin XCBuildConfiguration section */
		9229D7E42CB8F79700FD0EB6 /* Debug */ = {
			isa = XCBuildConfiguration;
			buildSettings = {
				ALWAYS_SEARCH_USER_PATHS = NO;
				ASSETCATALOG_COMPILER_GENERATE_SWIFT_ASSET_SYMBOL_EXTENSIONS = YES;
				CLANG_ANALYZER_NONNULL = YES;
				CLANG_ANALYZER_NUMBER_OBJECT_CONVERSION = YES_AGGRESSIVE;
				CLANG_CXX_LANGUAGE_STANDARD = "gnu++20";
				CLANG_ENABLE_MODULES = YES;
				CLANG_ENABLE_OBJC_ARC = YES;
				CLANG_ENABLE_OBJC_WEAK = YES;
				CLANG_WARN_BLOCK_CAPTURE_AUTORELEASING = YES;
				CLANG_WARN_BOOL_CONVERSION = YES;
				CLANG_WARN_COMMA = YES;
				CLANG_WARN_CONSTANT_CONVERSION = YES;
				CLANG_WARN_DEPRECATED_OBJC_IMPLEMENTATIONS = YES;
				CLANG_WARN_DIRECT_OBJC_ISA_USAGE = YES_ERROR;
				CLANG_WARN_DOCUMENTATION_COMMENTS = YES;
				CLANG_WARN_EMPTY_BODY = YES;
				CLANG_WARN_ENUM_CONVERSION = YES;
				CLANG_WARN_INFINITE_RECURSION = YES;
				CLANG_WARN_INT_CONVERSION = YES;
				CLANG_WARN_NON_LITERAL_NULL_CONVERSION = YES;
				CLANG_WARN_OBJC_IMPLICIT_RETAIN_SELF = YES;
				CLANG_WARN_OBJC_LITERAL_CONVERSION = YES;
				CLANG_WARN_OBJC_ROOT_CLASS = YES_ERROR;
				CLANG_WARN_QUOTED_INCLUDE_IN_FRAMEWORK_HEADER = YES;
				CLANG_WARN_RANGE_LOOP_ANALYSIS = YES;
				CLANG_WARN_STRICT_PROTOTYPES = YES;
				CLANG_WARN_SUSPICIOUS_MOVE = YES;
				CLANG_WARN_UNGUARDED_AVAILABILITY = YES_AGGRESSIVE;
				CLANG_WARN_UNREACHABLE_CODE = YES;
				CLANG_WARN__DUPLICATE_METHOD_MATCH = YES;
				COPY_PHASE_STRIP = NO;
				DEBUG_INFORMATION_FORMAT = dwarf;
				ENABLE_STRICT_OBJC_MSGSEND = YES;
				ENABLE_TESTABILITY = YES;
				ENABLE_USER_SCRIPT_SANDBOXING = YES;
				GCC_C_LANGUAGE_STANDARD = gnu17;
				GCC_DYNAMIC_NO_PIC = NO;
				GCC_NO_COMMON_BLOCKS = YES;
				GCC_OPTIMIZATION_LEVEL = 0;
				GCC_PREPROCESSOR_DEFINITIONS = (
					"DEBUG=1",
					"$(inherited)",
				);
				GCC_WARN_64_TO_32_BIT_CONVERSION = YES;
				GCC_WARN_ABOUT_RETURN_TYPE = YES_ERROR;
				GCC_WARN_UNDECLARED_SELECTOR = YES;
				GCC_WARN_UNINITIALIZED_AUTOS = YES_AGGRESSIVE;
				GCC_WARN_UNUSED_FUNCTION = YES;
				GCC_WARN_UNUSED_VARIABLE = YES;
				IPHONEOS_DEPLOYMENT_TARGET = 18.0;
				LOCALIZATION_PREFERS_STRING_CATALOGS = YES;
				MTL_ENABLE_DEBUG_INFO = INCLUDE_SOURCE;
				MTL_FAST_MATH = YES;
				ONLY_ACTIVE_ARCH = YES;
				SDKROOT = iphoneos;
				SWIFT_ACTIVE_COMPILATION_CONDITIONS = "DEBUG $(inherited)";
				SWIFT_OPTIMIZATION_LEVEL = "-Onone";
			};
			name = Debug;
		};
		9229D7E52CB8F79700FD0EB6 /* Release */ = {
			isa = XCBuildConfiguration;
			buildSettings = {
				ALWAYS_SEARCH_USER_PATHS = NO;
				ASSETCATALOG_COMPILER_GENERATE_SWIFT_ASSET_SYMBOL_EXTENSIONS = YES;
				CLANG_ANALYZER_NONNULL = YES;
				CLANG_ANALYZER_NUMBER_OBJECT_CONVERSION = YES_AGGRESSIVE;
				CLANG_CXX_LANGUAGE_STANDARD = "gnu++20";
				CLANG_ENABLE_MODULES = YES;
				CLANG_ENABLE_OBJC_ARC = YES;
				CLANG_ENABLE_OBJC_WEAK = YES;
				CLANG_WARN_BLOCK_CAPTURE_AUTORELEASING = YES;
				CLANG_WARN_BOOL_CONVERSION = YES;
				CLANG_WARN_COMMA = YES;
				CLANG_WARN_CONSTANT_CONVERSION = YES;
				CLANG_WARN_DEPRECATED_OBJC_IMPLEMENTATIONS = YES;
				CLANG_WARN_DIRECT_OBJC_ISA_USAGE = YES_ERROR;
				CLANG_WARN_DOCUMENTATION_COMMENTS = YES;
				CLANG_WARN_EMPTY_BODY = YES;
				CLANG_WARN_ENUM_CONVERSION = YES;
				CLANG_WARN_INFINITE_RECURSION = YES;
				CLANG_WARN_INT_CONVERSION = YES;
				CLANG_WARN_NON_LITERAL_NULL_CONVERSION = YES;
				CLANG_WARN_OBJC_IMPLICIT_RETAIN_SELF = YES;
				CLANG_WARN_OBJC_LITERAL_CONVERSION = YES;
				CLANG_WARN_OBJC_ROOT_CLASS = YES_ERROR;
				CLANG_WARN_QUOTED_INCLUDE_IN_FRAMEWORK_HEADER = YES;
				CLANG_WARN_RANGE_LOOP_ANALYSIS = YES;
				CLANG_WARN_STRICT_PROTOTYPES = YES;
				CLANG_WARN_SUSPICIOUS_MOVE = YES;
				CLANG_WARN_UNGUARDED_AVAILABILITY = YES_AGGRESSIVE;
				CLANG_WARN_UNREACHABLE_CODE = YES;
				CLANG_WARN__DUPLICATE_METHOD_MATCH = YES;
				COPY_PHASE_STRIP = NO;
				DEBUG_INFORMATION_FORMAT = "dwarf-with-dsym";
				ENABLE_NS_ASSERTIONS = NO;
				ENABLE_STRICT_OBJC_MSGSEND = YES;
				ENABLE_USER_SCRIPT_SANDBOXING = YES;
				GCC_C_LANGUAGE_STANDARD = gnu17;
				GCC_NO_COMMON_BLOCKS = YES;
				GCC_WARN_64_TO_32_BIT_CONVERSION = YES;
				GCC_WARN_ABOUT_RETURN_TYPE = YES_ERROR;
				GCC_WARN_UNDECLARED_SELECTOR = YES;
				GCC_WARN_UNINITIALIZED_AUTOS = YES_AGGRESSIVE;
				GCC_WARN_UNUSED_FUNCTION = YES;
				GCC_WARN_UNUSED_VARIABLE = YES;
				IPHONEOS_DEPLOYMENT_TARGET = 18.0;
				LOCALIZATION_PREFERS_STRING_CATALOGS = YES;
				MTL_ENABLE_DEBUG_INFO = NO;
				MTL_FAST_MATH = YES;
				SDKROOT = iphoneos;
				SWIFT_COMPILATION_MODE = wholemodule;
				VALIDATE_PRODUCT = YES;
			};
			name = Release;
		};
		9229D7E72CB8F79700FD0EB6 /* Debug */ = {
			isa = XCBuildConfiguration;
			buildSettings = {
				ASSETCATALOG_COMPILER_APPICON_NAME = AppIcon;
				ASSETCATALOG_COMPILER_GLOBAL_ACCENT_COLOR_NAME = AccentColor;
				CODE_SIGN_STYLE = Automatic;
				CURRENT_PROJECT_VERSION = 1;
				DEVELOPMENT_ASSET_PATHS = "\"SwiftUIs/Preview Content\"";
				DEVELOPMENT_TEAM = BMG3X5CM6G;
				ENABLE_PREVIEWS = YES;
				GENERATE_INFOPLIST_FILE = YES;
				INFOPLIST_KEY_UIApplicationSceneManifest_Generation = YES;
				INFOPLIST_KEY_UIApplicationSupportsIndirectInputEvents = YES;
				INFOPLIST_KEY_UILaunchScreen_Generation = YES;
				INFOPLIST_KEY_UISupportedInterfaceOrientations_iPad = "UIInterfaceOrientationPortrait UIInterfaceOrientationPortraitUpsideDown UIInterfaceOrientationLandscapeLeft UIInterfaceOrientationLandscapeRight";
				INFOPLIST_KEY_UISupportedInterfaceOrientations_iPhone = "UIInterfaceOrientationPortrait UIInterfaceOrientationLandscapeLeft UIInterfaceOrientationLandscapeRight";
				LD_RUNPATH_SEARCH_PATHS = (
					"$(inherited)",
					"@executable_path/Frameworks",
				);
				MARKETING_VERSION = 1.0;
				PRODUCT_BUNDLE_IDENTIFIER = "mint-raum.SwiftUIs";
				PRODUCT_NAME = "$(TARGET_NAME)";
				SWIFT_EMIT_LOC_STRINGS = YES;
				SWIFT_VERSION = 5.0;
				TARGETED_DEVICE_FAMILY = "1,2";
			};
			name = Debug;
		};
		9229D7E82CB8F79700FD0EB6 /* Release */ = {
			isa = XCBuildConfiguration;
			buildSettings = {
				ASSETCATALOG_COMPILER_APPICON_NAME = AppIcon;
				ASSETCATALOG_COMPILER_GLOBAL_ACCENT_COLOR_NAME = AccentColor;
				CODE_SIGN_STYLE = Automatic;
				CURRENT_PROJECT_VERSION = 1;
				DEVELOPMENT_ASSET_PATHS = "\"SwiftUIs/Preview Content\"";
				DEVELOPMENT_TEAM = BMG3X5CM6G;
				ENABLE_PREVIEWS = YES;
				GENERATE_INFOPLIST_FILE = YES;
				INFOPLIST_KEY_UIApplicationSceneManifest_Generation = YES;
				INFOPLIST_KEY_UIApplicationSupportsIndirectInputEvents = YES;
				INFOPLIST_KEY_UILaunchScreen_Generation = YES;
				INFOPLIST_KEY_UISupportedInterfaceOrientations_iPad = "UIInterfaceOrientationPortrait UIInterfaceOrientationPortraitUpsideDown UIInterfaceOrientationLandscapeLeft UIInterfaceOrientationLandscapeRight";
				INFOPLIST_KEY_UISupportedInterfaceOrientations_iPhone = "UIInterfaceOrientationPortrait UIInterfaceOrientationLandscapeLeft UIInterfaceOrientationLandscapeRight";
				LD_RUNPATH_SEARCH_PATHS = (
					"$(inherited)",
					"@executable_path/Frameworks",
				);
				MARKETING_VERSION = 1.0;
				PRODUCT_BUNDLE_IDENTIFIER = "mint-raum.SwiftUIs";
				PRODUCT_NAME = "$(TARGET_NAME)";
				SWIFT_EMIT_LOC_STRINGS = YES;
				SWIFT_VERSION = 5.0;
				TARGETED_DEVICE_FAMILY = "1,2";
			};
			name = Release;
		};
		9229D7EA2CB8F79700FD0EB6 /* Debug */ = {
			isa = XCBuildConfiguration;
			buildSettings = {
				BUNDLE_LOADER = "$(TEST_HOST)";
				CODE_SIGN_STYLE = Automatic;
				CURRENT_PROJECT_VERSION = 1;
				DEVELOPMENT_TEAM = BMG3X5CM6G;
				GENERATE_INFOPLIST_FILE = YES;
				IPHONEOS_DEPLOYMENT_TARGET = 18.0;
				MARKETING_VERSION = 1.0;
				PRODUCT_BUNDLE_IDENTIFIER = "mint-raum.SwiftUIsTests";
				PRODUCT_NAME = "$(TARGET_NAME)";
				SWIFT_EMIT_LOC_STRINGS = NO;
				SWIFT_VERSION = 5.0;
				TARGETED_DEVICE_FAMILY = "1,2";
				TEST_HOST = "$(BUILT_PRODUCTS_DIR)/SwiftUIs.app/$(BUNDLE_EXECUTABLE_FOLDER_PATH)/SwiftUIs";
			};
			name = Debug;
		};
		9229D7EB2CB8F79700FD0EB6 /* Release */ = {
			isa = XCBuildConfiguration;
			buildSettings = {
				BUNDLE_LOADER = "$(TEST_HOST)";
				CODE_SIGN_STYLE = Automatic;
				CURRENT_PROJECT_VERSION = 1;
				DEVELOPMENT_TEAM = BMG3X5CM6G;
				GENERATE_INFOPLIST_FILE = YES;
				IPHONEOS_DEPLOYMENT_TARGET = 18.0;
				MARKETING_VERSION = 1.0;
				PRODUCT_BUNDLE_IDENTIFIER = "mint-raum.SwiftUIsTests";
				PRODUCT_NAME = "$(TARGET_NAME)";
				SWIFT_EMIT_LOC_STRINGS = NO;
				SWIFT_VERSION = 5.0;
				TARGETED_DEVICE_FAMILY = "1,2";
				TEST_HOST = "$(BUILT_PRODUCTS_DIR)/SwiftUIs.app/$(BUNDLE_EXECUTABLE_FOLDER_PATH)/SwiftUIs";
			};
			name = Release;
		};
		9229D7ED2CB8F79700FD0EB6 /* Debug */ = {
			isa = XCBuildConfiguration;
			buildSettings = {
				CODE_SIGN_STYLE = Automatic;
				CURRENT_PROJECT_VERSION = 1;
				DEVELOPMENT_TEAM = BMG3X5CM6G;
				GENERATE_INFOPLIST_FILE = YES;
				MARKETING_VERSION = 1.0;
				PRODUCT_BUNDLE_IDENTIFIER = "mint-raum.SwiftUIsUITests";
				PRODUCT_NAME = "$(TARGET_NAME)";
				SWIFT_EMIT_LOC_STRINGS = NO;
				SWIFT_VERSION = 5.0;
				TARGETED_DEVICE_FAMILY = "1,2";
				TEST_TARGET_NAME = SwiftUIs;
			};
			name = Debug;
		};
		9229D7EE2CB8F79700FD0EB6 /* Release */ = {
			isa = XCBuildConfiguration;
			buildSettings = {
				CODE_SIGN_STYLE = Automatic;
				CURRENT_PROJECT_VERSION = 1;
				DEVELOPMENT_TEAM = BMG3X5CM6G;
				GENERATE_INFOPLIST_FILE = YES;
				MARKETING_VERSION = 1.0;
				PRODUCT_BUNDLE_IDENTIFIER = "mint-raum.SwiftUIsUITests";
				PRODUCT_NAME = "$(TARGET_NAME)";
				SWIFT_EMIT_LOC_STRINGS = NO;
				SWIFT_VERSION = 5.0;
				TARGETED_DEVICE_FAMILY = "1,2";
				TEST_TARGET_NAME = SwiftUIs;
			};
			name = Release;
		};
/* End XCBuildConfiguration section */

/* Begin XCConfigurationList section */
		9229D7BD2CB8F79500FD0EB6 /* Build configuration list for PBXProject "SwiftUIs" */ = {
			isa = XCConfigurationList;
			buildConfigurations = (
				9229D7E42CB8F79700FD0EB6 /* Debug */,
				9229D7E52CB8F79700FD0EB6 /* Release */,
			);
			defaultConfigurationIsVisible = 0;
			defaultConfigurationName = Release;
		};
		9229D7E62CB8F79700FD0EB6 /* Build configuration list for PBXNativeTarget "SwiftUIs" */ = {
			isa = XCConfigurationList;
			buildConfigurations = (
				9229D7E72CB8F79700FD0EB6 /* Debug */,
				9229D7E82CB8F79700FD0EB6 /* Release */,
			);
			defaultConfigurationIsVisible = 0;
			defaultConfigurationName = Release;
		};
		9229D7E92CB8F79700FD0EB6 /* Build configuration list for PBXNativeTarget "SwiftUIsTests" */ = {
			isa = XCConfigurationList;
			buildConfigurations = (
				9229D7EA2CB8F79700FD0EB6 /* Debug */,
				9229D7EB2CB8F79700FD0EB6 /* Release */,
			);
			defaultConfigurationIsVisible = 0;
			defaultConfigurationName = Release;
		};
		9229D7EC2CB8F79700FD0EB6 /* Build configuration list for PBXNativeTarget "SwiftUIsUITests" */ = {
			isa = XCConfigurationList;
			buildConfigurations = (
				9229D7ED2CB8F79700FD0EB6 /* Debug */,
				9229D7EE2CB8F79700FD0EB6 /* Release */,
			);
			defaultConfigurationIsVisible = 0;
			defaultConfigurationName = Release;
		};
/* End XCConfigurationList section */
	};
	rootObject = 9229D7BA2CB8F79500FD0EB6 /* Project object */;
}
